
Microsoft Visual Studio Solution File, Format Version 12.00
# Visual Studio Version 17
VisualStudioVersion = 17.7.34003.232
MinimumVisualStudioVersion = 10.0.40219.1
Project("{FAE04EC0-301F-11D3-BF4B-00C04F79EFBC}") = "DataGridViewSqlYucedag", "DataGridViewSqlYucedag\DataGridViewSqlYucedag.csproj", "{0A89F44E-30F5-46AB-876B-77D0AE6F4CD5}"
EndProject
Global
	GlobalSection(SolutionConfigurationPlatforms) = preSolution
		Debug|Any CPU = Debug|Any CPU
		Release|Any CPU = Release|Any CPU
	EndGlobalSection
	GlobalSection(ProjectConfigurationPlatforms) = postSolution
		{0A89F44E-30F5-46AB-876B-77D0AE6F4CD5}.Debug|Any CPU.ActiveCfg = Debug|Any CPU
		{0A89F44E-30F5-46AB-876B-77D0AE6F4CD5}.Debug|Any CPU.Build.0 = Debug|Any CPU
		{0A89F44E-30F5-46AB-876B-77D0AE6F4CD5}.Release|Any CPU.ActiveCfg = Release|Any CPU
		{0A89F44E-30F5-46AB-876B-77D0AE6F4CD5}.Release|Any CPU.Build.0 = Release|Any CPU
	EndGlobalSection
	GlobalSection(SolutionProperties) = preSolution
		HideSolutionNode = FALSE
	EndGlobalSection
	GlobalSection(ExtensibilityGlobals) = postSolution
		SolutionGuid = {6294A09A-62D2-400E-B903-B58C8597EECB}
	EndGlobalSection
EndGlobal
